
Microsoft Visual Studio Solution File, Format Version 12.00
# Visual Studio Version 16
VisualStudioVersion = 16.0.30611.23
MinimumVisualStudioVersion = 10.0.40219.1
Project("{9A19103F-16F7-4668-BE54-9A1E7A4F7556}") = "1", "ConsoleApp2\1.csproj", "{CCB2512D-D3AE-4948-958B-1C03BC91B632}"
EndProject
Project("{FAE04EC0-301F-11D3-BF4B-00C04F79EFBC}") = "2", "2\2.csproj", "{B901094C-B8C3-4297-A273-0B4C2E6F8CAD}"
EndProject
Project("{FAE04EC0-301F-11D3-BF4B-00C04F79EFBC}") = "3", "3\3.csproj", "{6CC6EBA7-5E28-446F-ABA4-11F7E24CC6B9}"
EndProject
Project("{FAE04EC0-301F-11D3-BF4B-00C04F79EFBC}") = "4", "4\4.csproj", "{B38DE302-7B01-4E4A-86C4-17FF5D224721}"
EndProject
Project("{FAE04EC0-301F-11D3-BF4B-00C04F79EFBC}") = "5", "5\5.csproj", "{239659B5-3E5D-4C35-B879-3A67A0FFEE1F}"
EndProject
Global
	GlobalSection(SolutionConfigurationPlatforms) = preSolution
		Debug|Any CPU = Debug|Any CPU
		Release|Any CPU = Release|Any CPU
	EndGlobalSection
	GlobalSection(ProjectConfigurationPlatforms) = postSolution
		{CCB2512D-D3AE-4948-958B-1C03BC91B632}.Debug|Any CPU.ActiveCfg = Debug|Any CPU
		{CCB2512D-D3AE-4948-958B-1C03BC91B632}.Debug|Any CPU.Build.0 = Debug|Any CPU
		{CCB2512D-D3AE-4948-958B-1C03BC91B632}.Release|Any CPU.ActiveCfg = Release|Any CPU
		{CCB2512D-D3AE-4948-958B-1C03BC91B632}.Release|Any CPU.Build.0 = Release|Any CPU
		{B901094C-B8C3-4297-A273-0B4C2E6F8CAD}.Debug|Any CPU.ActiveCfg = Debug|Any CPU
		{B901094C-B8C3-4297-A273-0B4C2E6F8CAD}.Debug|Any CPU.Build.0 = Debug|Any CPU
		{B901094C-B8C3-4297-A273-0B4C2E6F8CAD}.Release|Any CPU.ActiveCfg = Release|Any CPU
		{B901094C-B8C3-4297-A273-0B4C2E6F8CAD}.Release|Any CPU.Build.0 = Release|Any CPU
		{6CC6EBA7-5E28-446F-ABA4-11F7E24CC6B9}.Debug|Any CPU.ActiveCfg = Debug|Any CPU
		{6CC6EBA7-5E28-446F-ABA4-11F7E24CC6B9}.Debug|Any CPU.Build.0 = Debug|Any CPU
		{6CC6EBA7-5E28-446F-ABA4-11F7E24CC6B9}.Release|Any CPU.ActiveCfg = Release|Any CPU
		{6CC6EBA7-5E28-446F-ABA4-11F7E24CC6B9}.Release|Any CPU.Build.0 = Release|Any CPU
		{B38DE302-7B01-4E4A-86C4-17FF5D224721}.Debug|Any CPU.ActiveCfg = Debug|Any CPU
		{B38DE302-7B01-4E4A-86C4-17FF5D224721}.Debug|Any CPU.Build.0 = Debug|Any CPU
		{B38DE302-7B01-4E4A-86C4-17FF5D224721}.Release|Any CPU.ActiveCfg = Release|Any CPU
		{B38DE302-7B01-4E4A-86C4-17FF5D224721}.Release|Any CPU.Build.0 = Release|Any CPU
		{239659B5-3E5D-4C35-B879-3A67A0FFEE1F}.Debug|Any CPU.ActiveCfg = Debug|Any CPU
		{239659B5-3E5D-4C35-B879-3A67A0FFEE1F}.Debug|Any CPU.Build.0 = Debug|Any CPU
		{239659B5-3E5D-4C35-B879-3A67A0FFEE1F}.Release|Any CPU.ActiveCfg = Release|Any CPU
		{239659B5-3E5D-4C35-B879-3A67A0FFEE1F}.Release|Any CPU.Build.0 = Release|Any CPU
	EndGlobalSection
	GlobalSection(SolutionProperties) = preSolution
		HideSolutionNode = FALSE
	EndGlobalSection
	GlobalSection(ExtensibilityGlobals) = postSolution
		SolutionGuid = {A2A6AFFB-170F-4627-873E-B960C53A7AB2}
	EndGlobalSection
EndGlobal
